<?xml version="1.0" encoding="utf-8"?>
<Project ToolsVersion="4.0" xmlns="http://schemas.microsoft.com/developer/msbuild/2003">
  <ItemGroup>
    <Filter Include="Source Files">
      <UniqueIdentifier>{4FC737F1-C7A5-4376-A066-2A32D752A2FF}</UniqueIdentifier>
      <Extensions>cpp;c;cc;cxx;c++;cppm;ixx;def;odl;idl;hpj;bat;asm;asmx</Extensions>
    </Filter>
    <Filter Include="Header Files">
      <UniqueIdentifier>{93995380-89BD-4b04-88EB-625FBE52EBFB}</UniqueIdentifier>
      <Extensions>h;hh;hpp;hxx;h++;hm;inl;inc;ipp;xsd</Extensions>
    </Filter>
    <Filter Include="Resource Files">
      <UniqueIdentifier>{67DA6AB6-F800-4c08-8B7A-83BB121AAD01}</UniqueIdentifier>
      <Extensions>rc;ico;cur;bmp;dlg;rc2;rct;bin;rgs;gif;jpg;jpeg;jpe;resx;tiff;tif;png;wav;mfcribbon-ms</Extensions>
    </Filter>
  </ItemGroup>
  <ItemGroup>
    <ClCompile Include="CursorBorder.ixx">
      <Filter>Source Files</Filter>
    </ClCompile>
    <ClCompile Include="Grid.ixx">
      <Filter>Source Files</Filter>
    </ClCompile>
    <ClCompile Include="Tetromino.ixx">
      <Filter>Source Files</Filter>
    </ClCompile>
    <ClCompile Include="Tetrominoes.ixx">
      <Filter>Source Files</Filter>
    </ClCompile>
    <ClCompile Include="TetrominoI.ixx">
      <Filter>Source Files</Filter>
    </ClCompile>
    <ClCompile Include="TetrominoJ.ixx">
      <Filter>Source Files</Filter>
    </ClCompile>
    <ClCompile Include="TetrominoL.ixx">
      <Filter>Source Files</Filter>
    </ClCompile>
    <ClCompile Include="TetrominoO.ixx">
      <Filter>Source Files</Filter>
    </ClCompile>
    <ClCompile Include="TetrominoS.ixx">
      <Filter>Source Files</Filter>
    </ClCompile>
    <ClCompile Include="TetrominoT.ixx">
      <Filter>Source Files</Filter>
    </ClCompile>
    <ClCompile Include="TetrominoZ.ixx">
      <Filter>Source Files</Filter>
    </ClCompile>
    <ClCompile Include="console_tetris.cpp">
      <Filter>Source Files</Filter>
    </ClCompile>
    <ClCompile Include="CursorBorder.cpp">
      <Filter>Source Files</Filter>
    </ClCompile>
    <ClCompile Include="Grid.cpp">
      <Filter>Source Files</Filter>
    </ClCompile>
    <ClCompile Include="Tetromino.cpp">
      <Filter>Source Files</Filter>
    </ClCompile>
    <ClCompile Include="TetrominoI.cpp">
      <Filter>Source Files</Filter>
    </ClCompile>
    <ClCompile Include="TetrominoJ.cpp">
      <Filter>Source Files</Filter>
    </ClCompile>
    <ClCompile Include="TetrominoL.cpp">
      <Filter>Source Files</Filter>
    </ClCompile>
    <ClCompile Include="TetrominoO.cpp">
      <Filter>Source Files</Filter>
    </ClCompile>
    <ClCompile Include="TetrominoS.cpp">
      <Filter>Source Files</Filter>
    </ClCompile>
    <ClCompile Include="TetrominoT.cpp">
      <Filter>Source Files</Filter>
    </ClCompile>
    <ClCompile Include="TetrominoZ.cpp">
      <Filter>Source Files</Filter>
    </ClCompile>
    <ClCompile Include="pch.cpp">
      <Filter>Source Files</Filter>
    </ClCompile>
    <ClCompile Include="Random.ixx">
      <Filter>Source Files</Filter>
    </ClCompile>
  </ItemGroup>
  <ItemGroup>
    <ClInclude Include="pch.h">
      <Filter>Header Files</Filter>
    </ClInclude>
  </ItemGroup>
</Project>